{
  "name": "topic-radar",
  "version": "0.1.110",
  "lockfileVersion": 3,
  "requires": true,
  "packages": {
    "": {
      "name": "topic-radar",
      "version": "0.1.110",
      "bin": {
        "biji-note-cli": "src/biji-note-cli.mjs",
        "bilibili-radar-cli": "src/site-cli.mjs",
        "douyin-comments-cli": "src/douyin-comments-cli.mjs",
        "douyin-dom-verifier": "src/douyin-dom-verifier.mjs",
        "douyin-radar-cli": "src/site-cli.mjs",
        "getnote-processor": "src/getnote-processor.mjs",
        "radar-media-download": "src/media-download.mjs",
        "reddit-radar-cli": "src/site-cli.mjs",
        "stability-runner": "src/stability-runner.mjs",
        "suggestion-verifier": "src/suggestion-verifier.mjs",
        "topic-collector": "src/topic-collector.mjs",
        "topic-radar": "src/cli.mjs",
        "topic-vertical": "src/topic-vertical.mjs",
        "x-radar-cli": "src/site-cli.mjs",
        "xiaohongshu-radar-cli": "src/site-cli.mjs",
        "youtube-radar-cli": "src/site-cli.mjs"
      },
      "engines": {
        "node": ">=20"
      }
    }
  }
}
